
Microsoft Visual Studio Solution File, Format Version 12.00
# Visual Studio 2012
Project("{FAE04EC0-301F-11D3-BF4B-00C04F79EFBC}") = "MvcFamilyPoints", "MvcFamilyPoints\MvcFamilyPoints.csproj", "{0AB18D54-E7BB-4300-BB4D-B172D5A2DE5E}"
EndProject
Project("{FAE04EC0-301F-11D3-BF4B-00C04F79EFBC}") = "MvcFamilyPoints.Tests", "MvcFamilyPoints.Tests\MvcFamilyPoints.Tests.csproj", "{1B05EE44-9F43-4FB9-A85A-D0BB95029663}"
EndProject
Project("{2150E333-8FDC-42A3-9474-1A3956D46DE8}") = "Solution Items", "Solution Items", "{B57F137F-BD5D-48C3-9258-A6DB11E3A13F}"
	ProjectSection(SolutionItems) = preProject
		ReadMe.txt = ReadMe.txt
	EndProjectSection
EndProject
Project("{FAE04EC0-301F-11D3-BF4B-00C04F79EFBC}") = "FamilyPoints.Business", "FamilyPoints.Business\FamilyPoints.Business.csproj", "{0EF5C12C-77E0-4111-98EA-280B317B2EA9}"
EndProject
Project("{FAE04EC0-301F-11D3-BF4B-00C04F79EFBC}") = "FamilyPoints.Domain", "FamilyPoints.Domain\FamilyPoints.Domain.csproj", "{6659DBEE-4B32-423F-BCEF-703EF8C1C4BE}"
EndProject
Project("{FAE04EC0-301F-11D3-BF4B-00C04F79EFBC}") = "FamilyPoints.DomainTest", "FamilyPoints.DomainTest\FamilyPoints.DomainTest.csproj", "{ED25098A-DFC9-4492-86D5-DDDE172D94E3}"
EndProject
Project("{FAE04EC0-301F-11D3-BF4B-00C04F79EFBC}") = "FamilyPoints.Service", "FamilyPoints.Service\FamilyPoints.Service.csproj", "{CDDA9628-A6D5-41B5-92A1-47898005A924}"
EndProject
Project("{FAE04EC0-301F-11D3-BF4B-00C04F79EFBC}") = "FamilyPoints.ServiceTest", "FamilyPoints.ServicesTest\FamilyPoints.ServiceTest.csproj", "{A80028A4-8397-4C5B-8E7E-3736A9258BB7}"
EndProject
Project("{FAE04EC0-301F-11D3-BF4B-00C04F79EFBC}") = "FamilyPoints.BusinessTest", "FamilyPoints.BusinessTest\FamilyPoints.BusinessTest.csproj", "{65975CE0-3898-4F37-A50A-C5DA870A0779}"
EndProject
Project("{FAE04EC0-301F-11D3-BF4B-00C04F79EFBC}") = "FamilyPoints.MVC", "FamilyPoints.MVC\FamilyPoints.MVC.csproj", "{C1A080F1-5A4C-4C4F-8487-B2C142317AA4}"
EndProject
Project("{FAE04EC0-301F-11D3-BF4B-00C04F79EFBC}") = "FamilyPoints.MVC.Tests", "FamilyPoints.MVC.Tests\FamilyPoints.MVC.Tests.csproj", "{906CAED6-5230-481D-B8EC-4ADD8629BCDF}"
EndProject
Global
	GlobalSection(SolutionConfigurationPlatforms) = preSolution
		Debug|Any CPU = Debug|Any CPU
		Release|Any CPU = Release|Any CPU
	EndGlobalSection
	GlobalSection(ProjectConfigurationPlatforms) = postSolution
		{0AB18D54-E7BB-4300-BB4D-B172D5A2DE5E}.Debug|Any CPU.ActiveCfg = Debug|Any CPU
		{0AB18D54-E7BB-4300-BB4D-B172D5A2DE5E}.Debug|Any CPU.Build.0 = Debug|Any CPU
		{0AB18D54-E7BB-4300-BB4D-B172D5A2DE5E}.Release|Any CPU.ActiveCfg = Release|Any CPU
		{0AB18D54-E7BB-4300-BB4D-B172D5A2DE5E}.Release|Any CPU.Build.0 = Release|Any CPU
		{1B05EE44-9F43-4FB9-A85A-D0BB95029663}.Debug|Any CPU.ActiveCfg = Debug|Any CPU
		{1B05EE44-9F43-4FB9-A85A-D0BB95029663}.Debug|Any CPU.Build.0 = Debug|Any CPU
		{1B05EE44-9F43-4FB9-A85A-D0BB95029663}.Release|Any CPU.ActiveCfg = Release|Any CPU
		{1B05EE44-9F43-4FB9-A85A-D0BB95029663}.Release|Any CPU.Build.0 = Release|Any CPU
		{0EF5C12C-77E0-4111-98EA-280B317B2EA9}.Debug|Any CPU.ActiveCfg = Debug|Any CPU
		{0EF5C12C-77E0-4111-98EA-280B317B2EA9}.Debug|Any CPU.Build.0 = Debug|Any CPU
		{0EF5C12C-77E0-4111-98EA-280B317B2EA9}.Release|Any CPU.ActiveCfg = Release|Any CPU
		{0EF5C12C-77E0-4111-98EA-280B317B2EA9}.Release|Any CPU.Build.0 = Release|Any CPU
		{6659DBEE-4B32-423F-BCEF-703EF8C1C4BE}.Debug|Any CPU.ActiveCfg = Debug|Any CPU
		{6659DBEE-4B32-423F-BCEF-703EF8C1C4BE}.Debug|Any CPU.Build.0 = Debug|Any CPU
		{6659DBEE-4B32-423F-BCEF-703EF8C1C4BE}.Release|Any CPU.ActiveCfg = Release|Any CPU
		{6659DBEE-4B32-423F-BCEF-703EF8C1C4BE}.Release|Any CPU.Build.0 = Release|Any CPU
		{ED25098A-DFC9-4492-86D5-DDDE172D94E3}.Debug|Any CPU.ActiveCfg = Debug|Any CPU
		{ED25098A-DFC9-4492-86D5-DDDE172D94E3}.Debug|Any CPU.Build.0 = Debug|Any CPU
		{ED25098A-DFC9-4492-86D5-DDDE172D94E3}.Release|Any CPU.ActiveCfg = Release|Any CPU
		{ED25098A-DFC9-4492-86D5-DDDE172D94E3}.Release|Any CPU.Build.0 = Release|Any CPU
		{CDDA9628-A6D5-41B5-92A1-47898005A924}.Debug|Any CPU.ActiveCfg = Debug|Any CPU
		{CDDA9628-A6D5-41B5-92A1-47898005A924}.Debug|Any CPU.Build.0 = Debug|Any CPU
		{CDDA9628-A6D5-41B5-92A1-47898005A924}.Release|Any CPU.ActiveCfg = Release|Any CPU
		{CDDA9628-A6D5-41B5-92A1-47898005A924}.Release|Any CPU.Build.0 = Release|Any CPU
		{A80028A4-8397-4C5B-8E7E-3736A9258BB7}.Debug|Any CPU.ActiveCfg = Debug|Any CPU
		{A80028A4-8397-4C5B-8E7E-3736A9258BB7}.Debug|Any CPU.Build.0 = Debug|Any CPU
		{A80028A4-8397-4C5B-8E7E-3736A9258BB7}.Release|Any CPU.ActiveCfg = Release|Any CPU
		{A80028A4-8397-4C5B-8E7E-3736A9258BB7}.Release|Any CPU.Build.0 = Release|Any CPU
		{65975CE0-3898-4F37-A50A-C5DA870A0779}.Debug|Any CPU.ActiveCfg = Debug|Any CPU
		{65975CE0-3898-4F37-A50A-C5DA870A0779}.Debug|Any CPU.Build.0 = Debug|Any CPU
		{65975CE0-3898-4F37-A50A-C5DA870A0779}.Release|Any CPU.ActiveCfg = Release|Any CPU
		{65975CE0-3898-4F37-A50A-C5DA870A0779}.Release|Any CPU.Build.0 = Release|Any CPU
		{C1A080F1-5A4C-4C4F-8487-B2C142317AA4}.Debug|Any CPU.ActiveCfg = Debug|Any CPU
		{C1A080F1-5A4C-4C4F-8487-B2C142317AA4}.Debug|Any CPU.Build.0 = Debug|Any CPU
		{C1A080F1-5A4C-4C4F-8487-B2C142317AA4}.Release|Any CPU.ActiveCfg = Release|Any CPU
		{C1A080F1-5A4C-4C4F-8487-B2C142317AA4}.Release|Any CPU.Build.0 = Release|Any CPU
		{906CAED6-5230-481D-B8EC-4ADD8629BCDF}.Debug|Any CPU.ActiveCfg = Debug|Any CPU
		{906CAED6-5230-481D-B8EC-4ADD8629BCDF}.Debug|Any CPU.Build.0 = Debug|Any CPU
		{906CAED6-5230-481D-B8EC-4ADD8629BCDF}.Release|Any CPU.ActiveCfg = Release|Any CPU
		{906CAED6-5230-481D-B8EC-4ADD8629BCDF}.Release|Any CPU.Build.0 = Release|Any CPU
	EndGlobalSection
	GlobalSection(SolutionProperties) = preSolution
		HideSolutionNode = FALSE
	EndGlobalSection
EndGlobal
