
Microsoft Visual Studio Solution File, Format Version 12.00
# Visual Studio 2012
Project("{FAE04EC0-301F-11D3-BF4B-00C04F79EFBC}") = "MvcFamilyPoints", "MvcFamilyPoints\MvcFamilyPoints.csproj", "{0AB18D54-E7BB-4300-BB4D-B172D5A2DE5E}"
EndProject
Project("{FAE04EC0-301F-11D3-BF4B-00C04F79EFBC}") = "MvcFamilyPoints.Tests", "MvcFamilyPoints.Tests\MvcFamilyPoints.Tests.csproj", "{1B05EE44-9F43-4FB9-A85A-D0BB95029663}"
EndProject
Global
	GlobalSection(SolutionConfigurationPlatforms) = preSolution
		Debug|Any CPU = Debug|Any CPU
		Release|Any CPU = Release|Any CPU
	EndGlobalSection
	GlobalSection(ProjectConfigurationPlatforms) = postSolution
		{0AB18D54-E7BB-4300-BB4D-B172D5A2DE5E}.Debug|Any CPU.ActiveCfg = Debug|Any CPU
		{0AB18D54-E7BB-4300-BB4D-B172D5A2DE5E}.Debug|Any CPU.Build.0 = Debug|Any CPU
		{0AB18D54-E7BB-4300-BB4D-B172D5A2DE5E}.Release|Any CPU.ActiveCfg = Release|Any CPU
		{0AB18D54-E7BB-4300-BB4D-B172D5A2DE5E}.Release|Any CPU.Build.0 = Release|Any CPU
		{1B05EE44-9F43-4FB9-A85A-D0BB95029663}.Debug|Any CPU.ActiveCfg = Debug|Any CPU
		{1B05EE44-9F43-4FB9-A85A-D0BB95029663}.Debug|Any CPU.Build.0 = Debug|Any CPU
		{1B05EE44-9F43-4FB9-A85A-D0BB95029663}.Release|Any CPU.ActiveCfg = Release|Any CPU
		{1B05EE44-9F43-4FB9-A85A-D0BB95029663}.Release|Any CPU.Build.0 = Release|Any CPU
	EndGlobalSection
	GlobalSection(SolutionProperties) = preSolution
		HideSolutionNode = FALSE
	EndGlobalSection
EndGlobal
